
Microsoft Visual Studio Solution File, Format Version 12.00
# Visual Studio 15
VisualStudioVersion = 15.0.26730.10
MinimumVisualStudioVersion = 10.0.40219.1
Project("{FAE04EC0-301F-11D3-BF4B-00C04F79EFBC}") = "lawsonm6_Assignment07", "Assignment05Fall2017\lawsonm6_Assignment07.csproj", "{3BEDCB15-E374-4D49-8755-0E7D3F035F56}"
EndProject
Global
	GlobalSection(SolutionConfigurationPlatforms) = preSolution
		Debug|Any CPU = Debug|Any CPU
		Release|Any CPU = Release|Any CPU
	EndGlobalSection
	GlobalSection(ProjectConfigurationPlatforms) = postSolution
		{3BEDCB15-E374-4D49-8755-0E7D3F035F56}.Debug|Any CPU.ActiveCfg = Debug|Any CPU
		{3BEDCB15-E374-4D49-8755-0E7D3F035F56}.Debug|Any CPU.Build.0 = Debug|Any CPU
		{3BEDCB15-E374-4D49-8755-0E7D3F035F56}.Release|Any CPU.ActiveCfg = Release|Any CPU
		{3BEDCB15-E374-4D49-8755-0E7D3F035F56}.Release|Any CPU.Build.0 = Release|Any CPU
	EndGlobalSection
	GlobalSection(SolutionProperties) = preSolution
		HideSolutionNode = FALSE
	EndGlobalSection
	GlobalSection(ExtensibilityGlobals) = postSolution
		SolutionGuid = {DE4C8BB9-ED8A-4860-94C9-78B5500C2DA7}
	EndGlobalSection
EndGlobal
